
Microsoft Visual Studio Solution File, Format Version 12.00
# Visual Studio Version 17
VisualStudioVersion = 17.2.32516.85
MinimumVisualStudioVersion = 10.0.40219.1
Project("{9A19103F-16F7-4668-BE54-9A1E7A4F7556}") = "API CRUD ASP.NET Core", "API CRUD ASP.NET Core\API CRUD ASP.NET Core.csproj", "{6BA14D04-2467-40AC-B451-71C4BFC016EF}"
EndProject
Project("{2150E333-8FDC-42A3-9474-1A3956D46DE8}") = "Services", "Services", "{AEF8BCA4-E4CF-499A-99CC-2F696589C321}"
EndProject
Project("{2150E333-8FDC-42A3-9474-1A3956D46DE8}") = "Core", "Core", "{7A67EFE7-EA85-4C4C-93A3-F3F56CD61604}"
EndProject
Project("{9A19103F-16F7-4668-BE54-9A1E7A4F7556}") = "Core", "Core\Core.csproj", "{52268B54-21F7-410B-A35D-35981FA1F120}"
EndProject
Project("{2150E333-8FDC-42A3-9474-1A3956D46DE8}") = "Aprendizado", "Aprendizado", "{19300206-1C8B-4DEF-894A-6455F8C7672A}"
EndProject
Project("{FAE04EC0-301F-11D3-BF4B-00C04F79EFBC}") = "Aprendizado.Domain", "Aprendizado.Domain\Aprendizado.Domain.csproj", "{12F5EC9E-0C08-43CE-8CEC-DB05749E1FC4}"
EndProject
Project("{FAE04EC0-301F-11D3-BF4B-00C04F79EFBC}") = "Aprendizado.Infra", "Aprendizado.Infra\Aprendizado.Infra.csproj", "{2452B64E-EE4B-434C-A4DB-7245F163C3F9}"
EndProject
Global
	GlobalSection(SolutionConfigurationPlatforms) = preSolution
		Debug|Any CPU = Debug|Any CPU
		Release|Any CPU = Release|Any CPU
	EndGlobalSection
	GlobalSection(ProjectConfigurationPlatforms) = postSolution
		{6BA14D04-2467-40AC-B451-71C4BFC016EF}.Debug|Any CPU.ActiveCfg = Debug|Any CPU
		{6BA14D04-2467-40AC-B451-71C4BFC016EF}.Debug|Any CPU.Build.0 = Debug|Any CPU
		{6BA14D04-2467-40AC-B451-71C4BFC016EF}.Release|Any CPU.ActiveCfg = Release|Any CPU
		{6BA14D04-2467-40AC-B451-71C4BFC016EF}.Release|Any CPU.Build.0 = Release|Any CPU
		{52268B54-21F7-410B-A35D-35981FA1F120}.Debug|Any CPU.ActiveCfg = Debug|Any CPU
		{52268B54-21F7-410B-A35D-35981FA1F120}.Debug|Any CPU.Build.0 = Debug|Any CPU
		{52268B54-21F7-410B-A35D-35981FA1F120}.Release|Any CPU.ActiveCfg = Release|Any CPU
		{52268B54-21F7-410B-A35D-35981FA1F120}.Release|Any CPU.Build.0 = Release|Any CPU
		{12F5EC9E-0C08-43CE-8CEC-DB05749E1FC4}.Debug|Any CPU.ActiveCfg = Debug|Any CPU
		{12F5EC9E-0C08-43CE-8CEC-DB05749E1FC4}.Debug|Any CPU.Build.0 = Debug|Any CPU
		{12F5EC9E-0C08-43CE-8CEC-DB05749E1FC4}.Release|Any CPU.ActiveCfg = Release|Any CPU
		{12F5EC9E-0C08-43CE-8CEC-DB05749E1FC4}.Release|Any CPU.Build.0 = Release|Any CPU
		{2452B64E-EE4B-434C-A4DB-7245F163C3F9}.Debug|Any CPU.ActiveCfg = Debug|Any CPU
		{2452B64E-EE4B-434C-A4DB-7245F163C3F9}.Debug|Any CPU.Build.0 = Debug|Any CPU
		{2452B64E-EE4B-434C-A4DB-7245F163C3F9}.Release|Any CPU.ActiveCfg = Release|Any CPU
		{2452B64E-EE4B-434C-A4DB-7245F163C3F9}.Release|Any CPU.Build.0 = Release|Any CPU
	EndGlobalSection
	GlobalSection(SolutionProperties) = preSolution
		HideSolutionNode = FALSE
	EndGlobalSection
	GlobalSection(NestedProjects) = preSolution
		{7A67EFE7-EA85-4C4C-93A3-F3F56CD61604} = {AEF8BCA4-E4CF-499A-99CC-2F696589C321}
		{52268B54-21F7-410B-A35D-35981FA1F120} = {7A67EFE7-EA85-4C4C-93A3-F3F56CD61604}
		{19300206-1C8B-4DEF-894A-6455F8C7672A} = {AEF8BCA4-E4CF-499A-99CC-2F696589C321}
		{12F5EC9E-0C08-43CE-8CEC-DB05749E1FC4} = {19300206-1C8B-4DEF-894A-6455F8C7672A}
		{2452B64E-EE4B-434C-A4DB-7245F163C3F9} = {19300206-1C8B-4DEF-894A-6455F8C7672A}
	EndGlobalSection
	GlobalSection(ExtensibilityGlobals) = postSolution
		SolutionGuid = {D87CCE7F-CED9-4A27-B8C6-62E2E5469886}
	EndGlobalSection
EndGlobal
